
Microsoft Visual Studio Solution File, Format Version 12.00
# Visual Studio Version 16
VisualStudioVersion = 16.0.31005.135
MinimumVisualStudioVersion = 10.0.40219.1
Project("{FAE04EC0-301F-11D3-BF4B-00C04F79EFBC}") = "CSHARP_Variables_Exo6", "CSHARP_Variables_Exo6\CSHARP_Variables_Exo6.csproj", "{8C7FA9B6-C7D5-4C3D-8DB4-826B62281E2E}"
EndProject
Global
	GlobalSection(SolutionConfigurationPlatforms) = preSolution
		Debug|Any CPU = Debug|Any CPU
		Release|Any CPU = Release|Any CPU
	EndGlobalSection
	GlobalSection(ProjectConfigurationPlatforms) = postSolution
		{8C7FA9B6-C7D5-4C3D-8DB4-826B62281E2E}.Debug|Any CPU.ActiveCfg = Debug|Any CPU
		{8C7FA9B6-C7D5-4C3D-8DB4-826B62281E2E}.Debug|Any CPU.Build.0 = Debug|Any CPU
		{8C7FA9B6-C7D5-4C3D-8DB4-826B62281E2E}.Release|Any CPU.ActiveCfg = Release|Any CPU
		{8C7FA9B6-C7D5-4C3D-8DB4-826B62281E2E}.Release|Any CPU.Build.0 = Release|Any CPU
	EndGlobalSection
	GlobalSection(SolutionProperties) = preSolution
		HideSolutionNode = FALSE
	EndGlobalSection
	GlobalSection(ExtensibilityGlobals) = postSolution
		SolutionGuid = {76C9C122-E224-4808-8CC4-4A5937EBB44B}
	EndGlobalSection
EndGlobal
